
Microsoft Visual Studio Solution File, Format Version 12.00
# Visual Studio 15
Project("{FAE04EC0-301F-11D3-BF4B-00C04F79EFBC}") = "StudioCountingCharacters", "StudioCountingCharacters.csproj", "{497EF830-FE69-45A2-A039-31A0301C6FEB}"
EndProject
Global
	GlobalSection(SolutionConfigurationPlatforms) = preSolution
		Debug|Any CPU = Debug|Any CPU
		Release|Any CPU = Release|Any CPU
	EndGlobalSection
	GlobalSection(ProjectConfigurationPlatforms) = postSolution
		{497EF830-FE69-45A2-A039-31A0301C6FEB}.Debug|Any CPU.ActiveCfg = Debug|Any CPU
		{497EF830-FE69-45A2-A039-31A0301C6FEB}.Debug|Any CPU.Build.0 = Debug|Any CPU
		{497EF830-FE69-45A2-A039-31A0301C6FEB}.Release|Any CPU.ActiveCfg = Release|Any CPU
		{497EF830-FE69-45A2-A039-31A0301C6FEB}.Release|Any CPU.Build.0 = Release|Any CPU
	EndGlobalSection
EndGlobal
